<?xml version="1.0" encoding="utf-8"?>
<Project ToolsVersion="4.0" xmlns="http://schemas.microsoft.com/developer/msbuild/2003">
  <ItemGroup>
    <Filter Include="Source Files">
      <UniqueIdentifier>{4FC737F1-C7A5-4376-A066-2A32D752A2FF}</UniqueIdentifier>
      <Extensions>cpp;c;cc;cxx;def;odl;idl;hpj;bat;asm;asmx</Extensions>
    </Filter>
    <Filter Include="Header Files">
      <UniqueIdentifier>{93995380-89BD-4b04-88EB-625FBE52EBFB}</UniqueIdentifier>
      <Extensions>h;hh;hpp;hxx;hm;inl;inc;ipp;xsd</Extensions>
    </Filter>
    <Filter Include="Resource Files">
      <UniqueIdentifier>{67DA6AB6-F800-4c08-8B7A-83BB121AAD01}</UniqueIdentifier>
      <Extensions>rc;ico;cur;bmp;dlg;rc2;rct;bin;rgs;gif;jpg;jpeg;jpe;resx;tiff;tif;png;wav;mfcribbon-ms</Extensions>
    </Filter>
    <Filter Include="code">
      <UniqueIdentifier>{8fa723c3-ae9e-42b2-bf7e-0a1a8bcd66eb}</UniqueIdentifier>
    </Filter>
    <Filter Include="code\main">
      <UniqueIdentifier>{7a25256b-ab4e-4ef7-ad56-3da974eb73bb}</UniqueIdentifier>
    </Filter>
    <Filter Include="code\utils">
      <UniqueIdentifier>{ac9e64d6-385f-477e-b142-828ba0202e7a}</UniqueIdentifier>
    </Filter>
    <Filter Include="code\utils\ipc">
      <UniqueIdentifier>{6eddd5e5-c45a-41d1-bfb4-b89723290613}</UniqueIdentifier>
    </Filter>
    <Filter Include="code\utils\portable">
      <UniqueIdentifier>{03f8653f-bd61-425b-ade5-cec72550b1cb}</UniqueIdentifier>
    </Filter>
    <Filter Include="code\utils\util">
      <UniqueIdentifier>{72031322-5082-4eba-83fa-c1aeb5c61b03}</UniqueIdentifier>
    </Filter>
  </ItemGroup>
  <ItemGroup>
    <ClInclude Include="stdafx.h">
      <Filter>Header Files</Filter>
    </ClInclude>
    <ClInclude Include="targetver.h">
      <Filter>Header Files</Filter>
    </ClInclude>
    <ClInclude Include="PhwangIpcApiClass.h">
      <Filter>code\utils\ipc</Filter>
    </ClInclude>
    <ClInclude Include="PhwangIpcBaseClass.h">
      <Filter>code\utils\ipc</Filter>
    </ClInclude>
    <ClInclude Include="PhwangIpcTcpClass.h">
      <Filter>code\utils\ipc</Filter>
    </ClInclude>
    <ClInclude Include="PhwangIpcTestClass.h">
      <Filter>code\utils\ipc</Filter>
    </ClInclude>
    <ClInclude Include="PhwangRootClass.h">
      <Filter>code\main</Filter>
    </ClInclude>
    <ClInclude Include="PhwangPortableClass.h">
      <Filter>code\utils\portable</Filter>
    </ClInclude>
    <ClInclude Include="PhwangUtilClass.h">
      <Filter>code\utils\util</Filter>
    </ClInclude>
  </ItemGroup>
  <ItemGroup>
    <ClCompile Include="stdafx.cpp">
      <Filter>Source Files</Filter>
    </ClCompile>
    <ClCompile Include="PhwangIpcApiClass.cpp">
      <Filter>code\utils\ipc</Filter>
    </ClCompile>
    <ClCompile Include="PhwangIpcBaseClass.cpp">
      <Filter>code\utils\ipc</Filter>
    </ClCompile>
    <ClCompile Include="PhwangIpcTcpClass.cpp">
      <Filter>code\utils\ipc</Filter>
    </ClCompile>
    <ClCompile Include="PhwangIpcTestClass.cpp">
      <Filter>code\utils\ipc</Filter>
    </ClCompile>
    <ClCompile Include="PhwangCore.cpp">
      <Filter>code\main</Filter>
    </ClCompile>
    <ClCompile Include="PhwangRootClass.cpp">
      <Filter>code\main</Filter>
    </ClCompile>
    <ClCompile Include="PhwangPortableClass.cpp">
      <Filter>code\utils\portable</Filter>
    </ClCompile>
    <ClCompile Include="PhwangUtilClass.cpp">
      <Filter>code\utils\util</Filter>
    </ClCompile>
  </ItemGroup>
</Project>